
Microsoft Visual Studio Solution File, Format Version 12.00
# Visual Studio Version 16
VisualStudioVersion = 16.0.29102.190
MinimumVisualStudioVersion = 10.0.40219.1
Project("{FAE04EC0-301F-11D3-BF4B-00C04F79EFBC}") = "Aula1308", "Aula1308\Aula1308.csproj", "{03F40B37-1F0E-4A62-BA31-D6EE4DB6BA5D}"
EndProject
Global
	GlobalSection(SolutionConfigurationPlatforms) = preSolution
		Debug|Any CPU = Debug|Any CPU
		Release|Any CPU = Release|Any CPU
	EndGlobalSection
	GlobalSection(ProjectConfigurationPlatforms) = postSolution
		{03F40B37-1F0E-4A62-BA31-D6EE4DB6BA5D}.Debug|Any CPU.ActiveCfg = Debug|Any CPU
		{03F40B37-1F0E-4A62-BA31-D6EE4DB6BA5D}.Debug|Any CPU.Build.0 = Debug|Any CPU
		{03F40B37-1F0E-4A62-BA31-D6EE4DB6BA5D}.Release|Any CPU.ActiveCfg = Release|Any CPU
		{03F40B37-1F0E-4A62-BA31-D6EE4DB6BA5D}.Release|Any CPU.Build.0 = Release|Any CPU
	EndGlobalSection
	GlobalSection(SolutionProperties) = preSolution
		HideSolutionNode = FALSE
	EndGlobalSection
	GlobalSection(ExtensibilityGlobals) = postSolution
		SolutionGuid = {EF652867-2D73-47AD-95B1-233400A10D5D}
	EndGlobalSection
EndGlobal
